// !$*UTF8*$!
{
	archiveVersion = 1;
	classes = {
	};
	objectVersion = 50;
	objects = {

/* Begin PBXBuildFile section */
		480BEE0B2565B18800F563CF /* AppDelegate.swift in Sources */ = {isa = PBXBuildFile; fileRef = 480BEE0A2565B18800F563CF /* AppDelegate.swift */; };
		480BEE0D2565B18800F563CF /* SceneDelegate.swift in Sources */ = {isa = PBXBuildFile; fileRef = 480BEE0C2565B18800F563CF /* SceneDelegate.swift */; };
		480BEE0F2565B18800F563CF /* ViewController.swift in Sources */ = {isa = PBXBuildFile; fileRef = 480BEE0E2565B18800F563CF /* ViewController.swift */; };
		480BEE122565B18800F563CF /* Main.storyboard in Resources */ = {isa = PBXBuildFile; fileRef = 480BEE102565B18800F563CF /* Main.storyboard */; };
		480BEE142565B18C00F563CF /* Assets.xcassets in Resources */ = {isa = PBXBuildFile; fileRef = 480BEE132565B18C00F563CF /* Assets.xcassets */; };
		480BEE172565B18C00F563CF /* LaunchScreen.storyboard in Resources */ = {isa = PBXBuildFile; fileRef = 480BEE152565B18C00F563CF /* LaunchScreen.storyboard */; };
		480BEE222565B18C00F563CF /* LightTests.swift in Sources */ = {isa = PBXBuildFile; fileRef = 480BEE212565B18C00F563CF /* LightTests.swift */; };
		480BEE2D2565B18C00F563CF /* LightUITests.swift in Sources */ = {isa = PBXBuildFile; fileRef = 480BEE2C2565B18C00F563CF /* LightUITests.swift */; };
/* End PBXBuildFile section */

/* Begin PBXContainerItemProxy section */
		480BEE1E2565B18C00F563CF /* PBXContainerItemProxy */ = {
			isa = PBXContainerItemProxy;
			containerPortal = 480BEDFF2565B18800F563CF /* Project object */;
			proxyType = 1;
			remoteGlobalIDString = 480BEE062565B18800F563CF;
			remoteInfo = Light;
		};
		480BEE292565B18C00F563CF /* PBXContainerItemProxy */ = {
			isa = PBXContainerItemProxy;
			containerPortal = 480BEDFF2565B18800F563CF /* Project object */;
			proxyType = 1;
			remoteGlobalIDString = 480BEE062565B18800F563CF;
			remoteInfo = Light;
		};
/* End PBXContainerItemProxy section */

/* Begin PBXFileReference section */
		480BEE072565B18800F563CF /* Light.app */ = {isa = PBXFileReference; explicitFileType = wrapper.application; includeInIndex = 0; path = Light.app; sourceTree = BUILT_PRODUCTS_DIR; };
		480BEE0A2565B18800F563CF /* AppDelegate.swift */ = {isa = PBXFileReference; lastKnownFileType = sourcecode.swift; path = AppDelegate.swift; sourceTree = "<group>"; };
		480BEE0C2565B18800F563CF /* SceneDelegate.swift */ = {isa = PBXFileReference; lastKnownFileType = sourcecode.swift; path = SceneDelegate.swift; sourceTree = "<group>"; };
		480BEE0E2565B18800F563CF /* ViewController.swift */ = {isa = PBXFileReference; lastKnownFileType = sourcecode.swift; path = ViewController.swift; sourceTree = "<group>"; };
		480BEE112565B18800F563CF /* Base */ = {isa = PBXFileReference; lastKnownFileType = file.storyboard; name = Base; path = Base.lproj/Main.storyboard; sourceTree = "<group>"; };
		480BEE132565B18C00F563CF /* Assets.xcassets */ = {isa = PBXFileReference; lastKnownFileType = folder.assetcatalog; path = Assets.xcassets; sourceTree = "<group>"; };
		480BEE162565B18C00F563CF /* Base */ = {isa = PBXFileReference; lastKnownFileType = file.storyboard; name = Base; path = Base.lproj/LaunchScreen.storyboard; sourceTree = "<group>"; };
		480BEE182565B18C00F563CF /* Info.plist */ = {isa = PBXFileReference; lastKnownFileType = text.plist.xml; path = Info.plist; sourceTree = "<group>"; };
		480BEE1D2565B18C00F563CF /* LightTests.xctest */ = {isa = PBXFileReference; explicitFileType = wrapper.cfbundle; includeInIndex = 0; path = LightTests.xctest; sourceTree = BUILT_PRODUCTS_DIR; };
		480BEE212565B18C00F563CF /* LightTests.swift */ = {isa = PBXFileReference; lastKnownFileType = sourcecode.swift; path = LightTests.swift; sourceTree = "<group>"; };
		480BEE232565B18C00F563CF /* Info.plist */ = {isa = PBXFileReference; lastKnownFileType = text.plist.xml; path = Info.plist; sourceTree = "<group>"; };
		480BEE282565B18C00F563CF /* LightUITests.xctest */ = {isa = PBXFileReference; explicitFileType = wrapper.cfbundle; includeInIndex = 0; path = LightUITests.xctest; sourceTree = BUILT_PRODUCTS_DIR; };
		480BEE2C2565B18C00F563CF /* LightUITests.swift */ = {isa = PBXFileReference; lastKnownFileType = sourcecode.swift; path = LightUITests.swift; sourceTree = "<group>"; };
		480BEE2E2565B18C00F563CF /* Info.plist */ = {isa = PBXFileReference; lastKnownFileType = text.plist.xml; path = Info.plist; sourceTree = "<group>"; };
/* End PBXFileReference section */

/* Begin PBXFrameworksBuildPhase section */
		480BEE042565B18800F563CF /* Frameworks */ = {
			isa = PBXFrameworksBuildPhase;
			buildActionMask = 2147483647;
			files = (
			);
			runOnlyForDeploymentPostprocessing = 0;
		};
		480BEE1A2565B18C00F563CF /* Frameworks */ = {
			isa = PBXFrameworksBuildPhase;
			buildActionMask = 2147483647;
			files = (
			);
			runOnlyForDeploymentPostprocessing = 0;
		};
		480BEE252565B18C00F563CF /* Frameworks */ = {
			isa = PBXFrameworksBuildPhase;
			buildActionMask = 2147483647;
			files = (
			);
			runOnlyForDeploymentPostprocessing = 0;
		};
/* End PBXFrameworksBuildPhase section */

/* Begin PBXGroup section */
		480BEDFE2565B18800F563CF = {
			isa = PBXGroup;
			children = (
				480BEE092565B18800F563CF /* Light */,
				480BEE202565B18C00F563CF /* LightTests */,
				480BEE2B2565B18C00F563CF /* LightUITests */,
				480BEE082565B18800F563CF /* Products */,
			);
			sourceTree = "<group>";
		};
		480BEE082565B18800F563CF /* Products */ = {
			isa = PBXGroup;
			children = (
				480BEE072565B18800F563CF /* Light.app */,
				480BEE1D2565B18C00F563CF /* LightTests.xctest */,
				480BEE282565B18C00F563CF /* LightUITests.xctest */,
			);
			name = Products;
			sourceTree = "<group>";
		};
		480BEE092565B18800F563CF /* Light */ = {
			isa = PBXGroup;
			children = (
				480BEE0A2565B18800F563CF /* AppDelegate.swift */,
				480BEE0C2565B18800F563CF /* SceneDelegate.swift */,
				480BEE0E2565B18800F563CF /* ViewController.swift */,
				480BEE102565B18800F563CF /* Main.storyboard */,
				480BEE132565B18C00F563CF /* Assets.xcassets */,
				480BEE152565B18C00F563CF /* LaunchScreen.storyboard */,
				480BEE182565B18C00F563CF /* Info.plist */,
			);
			path = Light;
			sourceTree = "<group>";
		};
		480BEE202565B18C00F563CF /* LightTests */ = {
			isa = PBXGroup;
			children = (
				480BEE212565B18C00F563CF /* LightTests.swift */,
				480BEE232565B18C00F563CF /* Info.plist */,
			);
			path = LightTests;
			sourceTree = "<group>";
		};
		480BEE2B2565B18C00F563CF /* LightUITests */ = {
			isa = PBXGroup;
			children = (
				480BEE2C2565B18C00F563CF /* LightUITests.swift */,
				480BEE2E2565B18C00F563CF /* Info.plist */,
			);
			path = LightUITests;
			sourceTree = "<group>";
		};
/* End PBXGroup section */

/* Begin PBXNativeTarget section */
		480BEE062565B18800F563CF /* Light */ = {
			isa = PBXNativeTarget;
			buildConfigurationList = 480BEE312565B18C00F563CF /* Build configuration list for PBXNativeTarget "Light" */;
			buildPhases = (
				480BEE032565B18800F563CF /* Sources */,
				480BEE042565B18800F563CF /* Frameworks */,
				480BEE052565B18800F563CF /* Resources */,
			);
			buildRules = (
			);
			dependencies = (
			);
			name = Light;
			productName = Light;
			productReference = 480BEE072565B18800F563CF /* Light.app */;
			productType = "com.apple.product-type.application";
		};
		480BEE1C2565B18C00F563CF /* LightTests */ = {
			isa = PBXNativeTarget;
			buildConfigurationList = 480BEE342565B18C00F563CF /* Build configuration list for PBXNativeTarget "LightTests" */;
			buildPhases = (
				480BEE192565B18C00F563CF /* Sources */,
				480BEE1A2565B18C00F563CF /* Frameworks */,
				480BEE1B2565B18C00F563CF /* Resources */,
			);
			buildRules = (
			);
			dependencies = (
				480BEE1F2565B18C00F563CF /* PBXTargetDependency */,
			);
			name = LightTests;
			productName = LightTests;
			productReference = 480BEE1D2565B18C00F563CF /* LightTests.xctest */;
			productType = "com.apple.product-type.bundle.unit-test";
		};
		480BEE272565B18C00F563CF /* LightUITests */ = {
			isa = PBXNativeTarget;
			buildConfigurationList = 480BEE372565B18C00F563CF /* Build configuration list for PBXNativeTarget "LightUITests" */;
			buildPhases = (
				480BEE242565B18C00F563CF /* Sources */,
				480BEE252565B18C00F563CF /* Frameworks */,
				480BEE262565B18C00F563CF /* Resources */,
			);
			buildRules = (
			);
			dependencies = (
				480BEE2A2565B18C00F563CF /* PBXTargetDependency */,
			);
			name = LightUITests;
			productName = LightUITests;
			productReference = 480BEE282565B18C00F563CF /* LightUITests.xctest */;
			productType = "com.apple.product-type.bundle.ui-testing";
		};
/* End PBXNativeTarget section */

/* Begin PBXProject section */
		480BEDFF2565B18800F563CF /* Project object */ = {
			isa = PBXProject;
			attributes = {
				LastSwiftUpdateCheck = 1200;
				LastUpgradeCheck = 1200;
				TargetAttributes = {
					480BEE062565B18800F563CF = {
						CreatedOnToolsVersion = 12.0;
					};
					480BEE1C2565B18C00F563CF = {
						CreatedOnToolsVersion = 12.0;
						TestTargetID = 480BEE062565B18800F563CF;
					};
					480BEE272565B18C00F563CF = {
						CreatedOnToolsVersion = 12.0;
						TestTargetID = 480BEE062565B18800F563CF;
					};
				};
			};
			buildConfigurationList = 480BEE022565B18800F563CF /* Build configuration list for PBXProject "Light" */;
			compatibilityVersion = "Xcode 9.3";
			developmentRegion = en;
			hasScannedForEncodings = 0;
			knownRegions = (
				en,
				Base,
			);
			mainGroup = 480BEDFE2565B18800F563CF;
			productRefGroup = 480BEE082565B18800F563CF /* Products */;
			projectDirPath = "";
			projectRoot = "";
			targets = (
				480BEE062565B18800F563CF /* Light */,
				480BEE1C2565B18C00F563CF /* LightTests */,
				480BEE272565B18C00F563CF /* LightUITests */,
			);
		};
/* End PBXProject section */

/* Begin PBXResourcesBuildPhase section */
		480BEE052565B18800F563CF /* Resources */ = {
			isa = PBXResourcesBuildPhase;
			buildActionMask = 2147483647;
			files = (
				480BEE172565B18C00F563CF /* LaunchScreen.storyboard in Resources */,
				480BEE142565B18C00F563CF /* Assets.xcassets in Resources */,
				480BEE122565B18800F563CF /* Main.storyboard in Resources */,
			);
			runOnlyForDeploymentPostprocessing = 0;
		};
		480BEE1B2565B18C00F563CF /* Resources */ = {
			isa = PBXResourcesBuildPhase;
			buildActionMask = 2147483647;
			files = (
			);
			runOnlyForDeploymentPostprocessing = 0;
		};
		480BEE262565B18C00F563CF /* Resources */ = {
			isa = PBXResourcesBuildPhase;
			buildActionMask = 2147483647;
			files = (
			);
			runOnlyForDeploymentPostprocessing = 0;
		};
/* End PBXResourcesBuildPhase section */

/* Begin PBXSourcesBuildPhase section */
		480BEE032565B18800F563CF /* Sources */ = {
			isa = PBXSourcesBuildPhase;
			buildActionMask = 2147483647;
			files = (
				480BEE0F2565B18800F563CF /* ViewController.swift in Sources */,
				480BEE0B2565B18800F563CF /* AppDelegate.swift in Sources */,
				480BEE0D2565B18800F563CF /* SceneDelegate.swift in Sources */,
			);
			runOnlyForDeploymentPostprocessing = 0;
		};
		480BEE192565B18C00F563CF /* Sources */ = {
			isa = PBXSourcesBuildPhase;
			buildActionMask = 2147483647;
			files = (
				480BEE222565B18C00F563CF /* LightTests.swift in Sources */,
			);
			runOnlyForDeploymentPostprocessing = 0;
		};
		480BEE242565B18C00F563CF /* Sources */ = {
			isa = PBXSourcesBuildPhase;
			buildActionMask = 2147483647;
			files = (
				480BEE2D2565B18C00F563CF /* LightUITests.swift in Sources */,
			);
			runOnlyForDeploymentPostprocessing = 0;
		};
/* End PBXSourcesBuildPhase section */

/* Begin PBXTargetDependency section */
		480BEE1F2565B18C00F563CF /* PBXTargetDependency */ = {
			isa = PBXTargetDependency;
			target = 480BEE062565B18800F563CF /* Light */;
			targetProxy = 480BEE1E2565B18C00F563CF /* PBXContainerItemProxy */;
		};
		480BEE2A2565B18C00F563CF /* PBXTargetDependency */ = {
			isa = PBXTargetDependency;
			target = 480BEE062565B18800F563CF /* Light */;
			targetProxy = 480BEE292565B18C00F563CF /* PBXContainerItemProxy */;
		};
/* End PBXTargetDependency section */

/* Begin PBXVariantGroup section */
		480BEE102565B18800F563CF /* Main.storyboard */ = {
			isa = PBXVariantGroup;
			children = (
				480BEE112565B18800F563CF /* Base */,
			);
			name = Main.storyboard;
			sourceTree = "<group>";
		};
		480BEE152565B18C00F563CF /* LaunchScreen.storyboard */ = {
			isa = PBXVariantGroup;
			children = (
				480BEE162565B18C00F563CF /* Base */,
			);
			name = LaunchScreen.storyboard;
			sourceTree = "<group>";
		};
/* End PBXVariantGroup section */

/* Begin XCBuildConfiguration section */
		480BEE2F2565B18C00F563CF /* Debug */ = {
			isa = XCBuildConfiguration;
			buildSettings = {
				ALWAYS_SEARCH_USER_PATHS = NO;
				CLANG_ANALYZER_NONNULL = YES;
				CLANG_ANALYZER_NUMBER_OBJECT_CONVERSION = YES_AGGRESSIVE;
				CLANG_CXX_LANGUAGE_STANDARD = "gnu++14";
				CLANG_CXX_LIBRARY = "libc++";
				CLANG_ENABLE_MODULES = YES;
				CLANG_ENABLE_OBJC_ARC = YES;
				CLANG_ENABLE_OBJC_WEAK = YES;
				CLANG_WARN_BLOCK_CAPTURE_AUTORELEASING = YES;
				CLANG_WARN_BOOL_CONVERSION = YES;
				CLANG_WARN_COMMA = YES;
				CLANG_WARN_CONSTANT_CONVERSION = YES;
				CLANG_WARN_DEPRECATED_OBJC_IMPLEMENTATIONS = YES;
				CLANG_WARN_DIRECT_OBJC_ISA_USAGE = YES_ERROR;
				CLANG_WARN_DOCUMENTATION_COMMENTS = YES;
				CLANG_WARN_EMPTY_BODY = YES;
				CLANG_WARN_ENUM_CONVERSION = YES;
				CLANG_WARN_INFINITE_RECURSION = YES;
				CLANG_WARN_INT_CONVERSION = YES;
				CLANG_WARN_NON_LITERAL_NULL_CONVERSION = YES;
				CLANG_WARN_OBJC_IMPLICIT_RETAIN_SELF = YES;
				CLANG_WARN_OBJC_LITERAL_CONVERSION = YES;
				CLANG_WARN_OBJC_ROOT_CLASS = YES_ERROR;
				CLANG_WARN_QUOTED_INCLUDE_IN_FRAMEWORK_HEADER = YES;
				CLANG_WARN_RANGE_LOOP_ANALYSIS = YES;
				CLANG_WARN_STRICT_PROTOTYPES = YES;
				CLANG_WARN_SUSPICIOUS_MOVE = YES;
				CLANG_WARN_UNGUARDED_AVAILABILITY = YES_AGGRESSIVE;
				CLANG_WARN_UNREACHABLE_CODE = YES;
				CLANG_WARN__DUPLICATE_METHOD_MATCH = YES;
				COPY_PHASE_STRIP = NO;
				DEBUG_INFORMATION_FORMAT = dwarf;
				ENABLE_STRICT_OBJC_MSGSEND = YES;
				ENABLE_TESTABILITY = YES;
				GCC_C_LANGUAGE_STANDARD = gnu11;
				GCC_DYNAMIC_NO_PIC = NO;
				GCC_NO_COMMON_BLOCKS = YES;
				GCC_OPTIMIZATION_LEVEL = 0;
				GCC_PREPROCESSOR_DEFINITIONS = (
					"DEBUG=1",
					"$(inherited)",
				);
				GCC_WARN_64_TO_32_BIT_CONVERSION = YES;
				GCC_WARN_ABOUT_RETURN_TYPE = YES_ERROR;
				GCC_WARN_UNDECLARED_SELECTOR = YES;
				GCC_WARN_UNINITIALIZED_AUTOS = YES_AGGRESSIVE;
				GCC_WARN_UNUSED_FUNCTION = YES;
				GCC_WARN_UNUSED_VARIABLE = YES;
				IPHONEOS_DEPLOYMENT_TARGET = 14.0;
				MTL_ENABLE_DEBUG_INFO = INCLUDE_SOURCE;
				MTL_FAST_MATH = YES;
				ONLY_ACTIVE_ARCH = YES;
				SDKROOT = iphoneos;
				SWIFT_ACTIVE_COMPILATION_CONDITIONS = DEBUG;
				SWIFT_OPTIMIZATION_LEVEL = "-Onone";
			};
			name = Debug;
		};
		480BEE302565B18C00F563CF /* Release */ = {
			isa = XCBuildConfiguration;
			buildSettings = {
				ALWAYS_SEARCH_USER_PATHS = NO;
				CLANG_ANALYZER_NONNULL = YES;
				CLANG_ANALYZER_NUMBER_OBJECT_CONVERSION = YES_AGGRESSIVE;
				CLANG_CXX_LANGUAGE_STANDARD = "gnu++14";
				CLANG_CXX_LIBRARY = "libc++";
				CLANG_ENABLE_MODULES = YES;
				CLANG_ENABLE_OBJC_ARC = YES;
				CLANG_ENABLE_OBJC_WEAK = YES;
				CLANG_WARN_BLOCK_CAPTURE_AUTORELEASING = YES;
				CLANG_WARN_BOOL_CONVERSION = YES;
				CLANG_WARN_COMMA = YES;
				CLANG_WARN_CONSTANT_CONVERSION = YES;
				CLANG_WARN_DEPRECATED_OBJC_IMPLEMENTATIONS = YES;
				CLANG_WARN_DIRECT_OBJC_ISA_USAGE = YES_ERROR;
				CLANG_WARN_DOCUMENTATION_COMMENTS = YES;
				CLANG_WARN_EMPTY_BODY = YES;
				CLANG_WARN_ENUM_CONVERSION = YES;
				CLANG_WARN_INFINITE_RECURSION = YES;
				CLANG_WARN_INT_CONVERSION = YES;
				CLANG_WARN_NON_LITERAL_NULL_CONVERSION = YES;
				CLANG_WARN_OBJC_IMPLICIT_RETAIN_SELF = YES;
				CLANG_WARN_OBJC_LITERAL_CONVERSION = YES;
				CLANG_WARN_OBJC_ROOT_CLASS = YES_ERROR;
				CLANG_WARN_QUOTED_INCLUDE_IN_FRAMEWORK_HEADER = YES;
				CLANG_WARN_RANGE_LOOP_ANALYSIS = YES;
				CLANG_WARN_STRICT_PROTOTYPES = YES;
				CLANG_WARN_SUSPICIOUS_MOVE = YES;
				CLANG_WARN_UNGUARDED_AVAILABILITY = YES_AGGRESSIVE;
				CLANG_WARN_UNREACHABLE_CODE = YES;
				CLANG_WARN__DUPLICATE_METHOD_MATCH = YES;
				COPY_PHASE_STRIP = NO;
				DEBUG_INFORMATION_FORMAT = "dwarf-with-dsym";
				ENABLE_NS_ASSERTIONS = NO;
				ENABLE_STRICT_OBJC_MSGSEND = YES;
				GCC_C_LANGUAGE_STANDARD = gnu11;
				GCC_NO_COMMON_BLOCKS = YES;
				GCC_WARN_64_TO_32_BIT_CONVERSION = YES;
				GCC_WARN_ABOUT_RETURN_TYPE = YES_ERROR;
				GCC_WARN_UNDECLARED_SELECTOR = YES;
				GCC_WARN_UNINITIALIZED_AUTOS = YES_AGGRESSIVE;
				GCC_WARN_UNUSED_FUNCTION = YES;
				GCC_WARN_UNUSED_VARIABLE = YES;
				IPHONEOS_DEPLOYMENT_TARGET = 14.0;
				MTL_ENABLE_DEBUG_INFO = NO;
				MTL_FAST_MATH = YES;
				SDKROOT = iphoneos;
				SWIFT_COMPILATION_MODE = wholemodule;
				SWIFT_OPTIMIZATION_LEVEL = "-O";
				VALIDATE_PRODUCT = YES;
			};
			name = Release;
		};
		480BEE322565B18C00F563CF /* Debug */ = {
			isa = XCBuildConfiguration;
			buildSettings = {
				ASSETCATALOG_COMPILER_APPICON_NAME = AppIcon;
				ASSETCATALOG_COMPILER_GLOBAL_ACCENT_COLOR_NAME = AccentColor;
				CODE_SIGN_STYLE = Automatic;
				DEVELOPMENT_TEAM = 8D6A86YZH2;
				INFOPLIST_FILE = Light/Info.plist;
				LD_RUNPATH_SEARCH_PATHS = (
					"$(inherited)",
					"@executable_path/Frameworks",
				);
				PRODUCT_BUNDLE_IDENTIFIER = JB.Light;
				PRODUCT_NAME = "$(TARGET_NAME)";
				SWIFT_VERSION = 5.0;
				TARGETED_DEVICE_FAMILY = "1,2";
			};
			name = Debug;
		};
		480BEE332565B18C00F563CF /* Release */ = {
			isa = XCBuildConfiguration;
			buildSettings = {
				ASSETCATALOG_COMPILER_APPICON_NAME = AppIcon;
				ASSETCATALOG_COMPILER_GLOBAL_ACCENT_COLOR_NAME = AccentColor;
				CODE_SIGN_STYLE = Automatic;
				DEVELOPMENT_TEAM = 8D6A86YZH2;
				INFOPLIST_FILE = Light/Info.plist;
				LD_RUNPATH_SEARCH_PATHS = (
					"$(inherited)",
					"@executable_path/Frameworks",
				);
				PRODUCT_BUNDLE_IDENTIFIER = JB.Light;
				PRODUCT_NAME = "$(TARGET_NAME)";
				SWIFT_VERSION = 5.0;
				TARGETED_DEVICE_FAMILY = "1,2";
			};
			name = Release;
		};
		480BEE352565B18C00F563CF /* Debug */ = {
			isa = XCBuildConfiguration;
			buildSettings = {
				ALWAYS_EMBED_SWIFT_STANDARD_LIBRARIES = YES;
				BUNDLE_LOADER = "$(TEST_HOST)";
				CODE_SIGN_STYLE = Automatic;
				DEVELOPMENT_TEAM = 8D6A86YZH2;
				INFOPLIST_FILE = LightTests/Info.plist;
				IPHONEOS_DEPLOYMENT_TARGET = 14.0;
				LD_RUNPATH_SEARCH_PATHS = (
					"$(inherited)",
					"@executable_path/Frameworks",
					"@loader_path/Frameworks",
				);
				PRODUCT_BUNDLE_IDENTIFIER = JB.LightTests;
				PRODUCT_NAME = "$(TARGET_NAME)";
				SWIFT_VERSION = 5.0;
				TARGETED_DEVICE_FAMILY = "1,2";
				TEST_HOST = "$(BUILT_PRODUCTS_DIR)/Light.app/Light";
			};
			name = Debug;
		};
		480BEE362565B18C00F563CF /* Release */ = {
			isa = XCBuildConfiguration;
			buildSettings = {
				ALWAYS_EMBED_SWIFT_STANDARD_LIBRARIES = YES;
				BUNDLE_LOADER = "$(TEST_HOST)";
				CODE_SIGN_STYLE = Automatic;
				DEVELOPMENT_TEAM = 8D6A86YZH2;
				INFOPLIST_FILE = LightTests/Info.plist;
				IPHONEOS_DEPLOYMENT_TARGET = 14.0;
				LD_RUNPATH_SEARCH_PATHS = (
					"$(inherited)",
					"@executable_path/Frameworks",
					"@loader_path/Frameworks",
				);
				PRODUCT_BUNDLE_IDENTIFIER = JB.LightTests;
				PRODUCT_NAME = "$(TARGET_NAME)";
				SWIFT_VERSION = 5.0;
				TARGETED_DEVICE_FAMILY = "1,2";
				TEST_HOST = "$(BUILT_PRODUCTS_DIR)/Light.app/Light";
			};
			name = Release;
		};
		480BEE382565B18C00F563CF /* Debug */ = {
			isa = XCBuildConfiguration;
			buildSettings = {
				ALWAYS_EMBED_SWIFT_STANDARD_LIBRARIES = YES;
				CODE_SIGN_STYLE = Automatic;
				DEVELOPMENT_TEAM = 8D6A86YZH2;
				INFOPLIST_FILE = LightUITests/Info.plist;
				LD_RUNPATH_SEARCH_PATHS = (
					"$(inherited)",
					"@executable_path/Frameworks",
					"@loader_path/Frameworks",
				);
				PRODUCT_BUNDLE_IDENTIFIER = JB.LightUITests;
				PRODUCT_NAME = "$(TARGET_NAME)";
				SWIFT_VERSION = 5.0;
				TARGETED_DEVICE_FAMILY = "1,2";
				TEST_TARGET_NAME = Light;
			};
			name = Debug;
		};
		480BEE392565B18C00F563CF /* Release */ = {
			isa = XCBuildConfiguration;
			buildSettings = {
				ALWAYS_EMBED_SWIFT_STANDARD_LIBRARIES = YES;
				CODE_SIGN_STYLE = Automatic;
				DEVELOPMENT_TEAM = 8D6A86YZH2;
				INFOPLIST_FILE = LightUITests/Info.plist;
				LD_RUNPATH_SEARCH_PATHS = (
					"$(inherited)",
					"@executable_path/Frameworks",
					"@loader_path/Frameworks",
				);
				PRODUCT_BUNDLE_IDENTIFIER = JB.LightUITests;
				PRODUCT_NAME = "$(TARGET_NAME)";
				SWIFT_VERSION = 5.0;
				TARGETED_DEVICE_FAMILY = "1,2";
				TEST_TARGET_NAME = Light;
			};
			name = Release;
		};
/* End XCBuildConfiguration section */

/* Begin XCConfigurationList section */
		480BEE022565B18800F563CF /* Build configuration list for PBXProject "Light" */ = {
			isa = XCConfigurationList;
			buildConfigurations = (
				480BEE2F2565B18C00F563CF /* Debug */,
				480BEE302565B18C00F563CF /* Release */,
			);
			defaultConfigurationIsVisible = 0;
			defaultConfigurationName = Release;
		};
		480BEE312565B18C00F563CF /* Build configuration list for PBXNativeTarget "Light" */ = {
			isa = XCConfigurationList;
			buildConfigurations = (
				480BEE322565B18C00F563CF /* Debug */,
				480BEE332565B18C00F563CF /* Release */,
			);
			defaultConfigurationIsVisible = 0;
			defaultConfigurationName = Release;
		};
		480BEE342565B18C00F563CF /* Build configuration list for PBXNativeTarget "LightTests" */ = {
			isa = XCConfigurationList;
			buildConfigurations = (
				480BEE352565B18C00F563CF /* Debug */,
				480BEE362565B18C00F563CF /* Release */,
			);
			defaultConfigurationIsVisible = 0;
			defaultConfigurationName = Release;
		};
		480BEE372565B18C00F563CF /* Build configuration list for PBXNativeTarget "LightUITests" */ = {
			isa = XCConfigurationList;
			buildConfigurations = (
				480BEE382565B18C00F563CF /* Debug */,
				480BEE392565B18C00F563CF /* Release */,
			);
			defaultConfigurationIsVisible = 0;
			defaultConfigurationName = Release;
		};
/* End XCConfigurationList section */
	};
	rootObject = 480BEDFF2565B18800F563CF /* Project object */;
}
